
Microsoft Visual Studio Solution File, Format Version 12.00
# Visual Studio Version 17
VisualStudioVersion = 17.3.32811.315
MinimumVisualStudioVersion = 10.0.40219.1
Project("{9A19103F-16F7-4668-BE54-9A1E7A4F7556}") = "ServerCore", "Libs\ServerCore\ServerCore.csproj", "{BB28E51F-3E29-4BB8-A478-530AB842D5DA}"
EndProject
Project("{FAE04EC0-301F-11D3-BF4B-00C04F79EFBC}") = "ServiceApp", "Client\ServiceApp\ServiceApp.csproj", "{4460478D-1CD2-4C3D-BA9C-6E669863973E}"
EndProject
Project("{9A19103F-16F7-4668-BE54-9A1E7A4F7556}") = "ServerApp", "Server\ServerApp\ServerApp.csproj", "{B61C9950-977E-449C-A625-AA7E928CCAB9}"
EndProject
Project("{9A19103F-16F7-4668-BE54-9A1E7A4F7556}") = "HttpsTester", "Tests\HttpsTester\HttpsTester.csproj", "{3ABA1519-6902-4C2F-A1ED-8945AE340853}"
EndProject
Project("{9A19103F-16F7-4668-BE54-9A1E7A4F7556}") = "PluginExample", "Examples\PluginExample\PluginExample.csproj", "{9989F471-38F6-4693-8076-85410EEBF6C9}"
EndProject
Project("{9A19103F-16F7-4668-BE54-9A1E7A4F7556}") = "dummydll", "Examples\dummydll\dummydll.csproj", "{F9AAD7B3-4800-4F3C-A564-83EDEDBC94A8}"
EndProject
Project("{9A19103F-16F7-4668-BE54-9A1E7A4F7556}") = "CreatorApp", "Server\CreatorApp\CreatorApp.csproj", "{55F13771-CE55-4085-885C-C5F5F9F07D20}"
EndProject
Project("{9A19103F-16F7-4668-BE54-9A1E7A4F7556}") = "upc_r2", "Client\upc_r2\upc_r2.csproj", "{8EB98FB9-5701-4C99-A430-08DB56CF46C2}"
EndProject
Project("{9A19103F-16F7-4668-BE54-9A1E7A4F7556}") = "ClientKit", "Libs\ClientKit\ClientKit.csproj", "{93E96079-6A6E-46F5-B83B-4F4087D52D66}"
EndProject
Project("{9A19103F-16F7-4668-BE54-9A1E7A4F7556}") = "ClientApp", "Client\ClientApp\ClientApp.csproj", "{3F88C7BA-8A74-4293-A8F3-DCFBD9AFB388}"
EndProject
Project("{9A19103F-16F7-4668-BE54-9A1E7A4F7556}") = "SharedLib", "Libs\Shared\SharedLib.csproj", "{C780C745-9DCE-4686-BD76-5435FC338B7C}"
EndProject
Project("{9A19103F-16F7-4668-BE54-9A1E7A4F7556}") = "LzhamWrapper", "Libs\LzhamWrapper\LzhamWrapper.csproj", "{4C5957EF-8AD3-4740-8A70-10F1AABDEE59}"
EndProject
Project("{FAE04EC0-301F-11D3-BF4B-00C04F79EFBC}") = "ClientTester", "Tests\ClientTester\ClientTester.csproj", "{58A0D4EB-4835-4092-9351-5271E49B5082}"
EndProject
Global
	GlobalSection(SolutionConfigurationPlatforms) = preSolution
		Debug|Any CPU = Debug|Any CPU
		Debug|x64 = Debug|x64
		Debug|x86 = Debug|x86
		Release|Any CPU = Release|Any CPU
		Release|x64 = Release|x64
		Release|x86 = Release|x86
	EndGlobalSection
	GlobalSection(ProjectConfigurationPlatforms) = postSolution
		{BB28E51F-3E29-4BB8-A478-530AB842D5DA}.Debug|Any CPU.ActiveCfg = Debug|Any CPU
		{BB28E51F-3E29-4BB8-A478-530AB842D5DA}.Debug|Any CPU.Build.0 = Debug|Any CPU
		{BB28E51F-3E29-4BB8-A478-530AB842D5DA}.Debug|x64.ActiveCfg = Debug|Any CPU
		{BB28E51F-3E29-4BB8-A478-530AB842D5DA}.Debug|x64.Build.0 = Debug|Any CPU
		{BB28E51F-3E29-4BB8-A478-530AB842D5DA}.Debug|x86.ActiveCfg = Debug|Any CPU
		{BB28E51F-3E29-4BB8-A478-530AB842D5DA}.Debug|x86.Build.0 = Debug|Any CPU
		{BB28E51F-3E29-4BB8-A478-530AB842D5DA}.Release|Any CPU.ActiveCfg = Release|Any CPU
		{BB28E51F-3E29-4BB8-A478-530AB842D5DA}.Release|Any CPU.Build.0 = Release|Any CPU
		{BB28E51F-3E29-4BB8-A478-530AB842D5DA}.Release|x64.ActiveCfg = Release|Any CPU
		{BB28E51F-3E29-4BB8-A478-530AB842D5DA}.Release|x64.Build.0 = Release|Any CPU
		{BB28E51F-3E29-4BB8-A478-530AB842D5DA}.Release|x86.ActiveCfg = Release|Any CPU
		{BB28E51F-3E29-4BB8-A478-530AB842D5DA}.Release|x86.Build.0 = Release|Any CPU
		{B61C9950-977E-449C-A625-AA7E928CCAB9}.Debug|Any CPU.ActiveCfg = Debug|Any CPU
		{B61C9950-977E-449C-A625-AA7E928CCAB9}.Debug|Any CPU.Build.0 = Debug|Any CPU
		{B61C9950-977E-449C-A625-AA7E928CCAB9}.Debug|x64.ActiveCfg = Debug|Any CPU
		{B61C9950-977E-449C-A625-AA7E928CCAB9}.Debug|x64.Build.0 = Debug|Any CPU
		{B61C9950-977E-449C-A625-AA7E928CCAB9}.Debug|x86.ActiveCfg = Debug|Any CPU
		{B61C9950-977E-449C-A625-AA7E928CCAB9}.Debug|x86.Build.0 = Debug|Any CPU
		{B61C9950-977E-449C-A625-AA7E928CCAB9}.Release|Any CPU.ActiveCfg = Release|Any CPU
		{B61C9950-977E-449C-A625-AA7E928CCAB9}.Release|Any CPU.Build.0 = Release|Any CPU
		{B61C9950-977E-449C-A625-AA7E928CCAB9}.Release|x64.ActiveCfg = Release|Any CPU
		{B61C9950-977E-449C-A625-AA7E928CCAB9}.Release|x64.Build.0 = Release|Any CPU
		{B61C9950-977E-449C-A625-AA7E928CCAB9}.Release|x86.ActiveCfg = Release|Any CPU
		{B61C9950-977E-449C-A625-AA7E928CCAB9}.Release|x86.Build.0 = Release|Any CPU
		{3ABA1519-6902-4C2F-A1ED-8945AE340853}.Debug|Any CPU.ActiveCfg = Debug|Any CPU
		{3ABA1519-6902-4C2F-A1ED-8945AE340853}.Debug|Any CPU.Build.0 = Debug|Any CPU
		{3ABA1519-6902-4C2F-A1ED-8945AE340853}.Debug|x64.ActiveCfg = Debug|Any CPU
		{3ABA1519-6902-4C2F-A1ED-8945AE340853}.Debug|x64.Build.0 = Debug|Any CPU
		{3ABA1519-6902-4C2F-A1ED-8945AE340853}.Debug|x86.ActiveCfg = Debug|Any CPU
		{3ABA1519-6902-4C2F-A1ED-8945AE340853}.Debug|x86.Build.0 = Debug|Any CPU
		{3ABA1519-6902-4C2F-A1ED-8945AE340853}.Release|Any CPU.ActiveCfg = Release|Any CPU
		{3ABA1519-6902-4C2F-A1ED-8945AE340853}.Release|Any CPU.Build.0 = Release|Any CPU
		{3ABA1519-6902-4C2F-A1ED-8945AE340853}.Release|x64.ActiveCfg = Release|Any CPU
		{3ABA1519-6902-4C2F-A1ED-8945AE340853}.Release|x64.Build.0 = Release|Any CPU
		{3ABA1519-6902-4C2F-A1ED-8945AE340853}.Release|x86.ActiveCfg = Release|Any CPU
		{3ABA1519-6902-4C2F-A1ED-8945AE340853}.Release|x86.Build.0 = Release|Any CPU
		{9989F471-38F6-4693-8076-85410EEBF6C9}.Debug|Any CPU.ActiveCfg = Debug|Any CPU
		{9989F471-38F6-4693-8076-85410EEBF6C9}.Debug|Any CPU.Build.0 = Debug|Any CPU
		{9989F471-38F6-4693-8076-85410EEBF6C9}.Debug|x64.ActiveCfg = Debug|Any CPU
		{9989F471-38F6-4693-8076-85410EEBF6C9}.Debug|x64.Build.0 = Debug|Any CPU
		{9989F471-38F6-4693-8076-85410EEBF6C9}.Debug|x86.ActiveCfg = Debug|Any CPU
		{9989F471-38F6-4693-8076-85410EEBF6C9}.Debug|x86.Build.0 = Debug|Any CPU
		{9989F471-38F6-4693-8076-85410EEBF6C9}.Release|Any CPU.ActiveCfg = Release|Any CPU
		{9989F471-38F6-4693-8076-85410EEBF6C9}.Release|Any CPU.Build.0 = Release|Any CPU
		{9989F471-38F6-4693-8076-85410EEBF6C9}.Release|x64.ActiveCfg = Release|Any CPU
		{9989F471-38F6-4693-8076-85410EEBF6C9}.Release|x64.Build.0 = Release|Any CPU
		{9989F471-38F6-4693-8076-85410EEBF6C9}.Release|x86.ActiveCfg = Release|Any CPU
		{9989F471-38F6-4693-8076-85410EEBF6C9}.Release|x86.Build.0 = Release|Any CPU
		{F9AAD7B3-4800-4F3C-A564-83EDEDBC94A8}.Debug|Any CPU.ActiveCfg = Debug|Any CPU
		{F9AAD7B3-4800-4F3C-A564-83EDEDBC94A8}.Debug|Any CPU.Build.0 = Debug|Any CPU
		{F9AAD7B3-4800-4F3C-A564-83EDEDBC94A8}.Debug|x64.ActiveCfg = Debug|Any CPU
		{F9AAD7B3-4800-4F3C-A564-83EDEDBC94A8}.Debug|x64.Build.0 = Debug|Any CPU
		{F9AAD7B3-4800-4F3C-A564-83EDEDBC94A8}.Debug|x86.ActiveCfg = Debug|Any CPU
		{F9AAD7B3-4800-4F3C-A564-83EDEDBC94A8}.Debug|x86.Build.0 = Debug|Any CPU
		{F9AAD7B3-4800-4F3C-A564-83EDEDBC94A8}.Release|Any CPU.ActiveCfg = Release|Any CPU
		{F9AAD7B3-4800-4F3C-A564-83EDEDBC94A8}.Release|Any CPU.Build.0 = Release|Any CPU
		{F9AAD7B3-4800-4F3C-A564-83EDEDBC94A8}.Release|x64.ActiveCfg = Release|Any CPU
		{F9AAD7B3-4800-4F3C-A564-83EDEDBC94A8}.Release|x64.Build.0 = Release|Any CPU
		{F9AAD7B3-4800-4F3C-A564-83EDEDBC94A8}.Release|x86.ActiveCfg = Release|Any CPU
		{F9AAD7B3-4800-4F3C-A564-83EDEDBC94A8}.Release|x86.Build.0 = Release|Any CPU
		{55F13771-CE55-4085-885C-C5F5F9F07D20}.Debug|Any CPU.ActiveCfg = Debug|Any CPU
		{55F13771-CE55-4085-885C-C5F5F9F07D20}.Debug|Any CPU.Build.0 = Debug|Any CPU
		{55F13771-CE55-4085-885C-C5F5F9F07D20}.Debug|x64.ActiveCfg = Debug|Any CPU
		{55F13771-CE55-4085-885C-C5F5F9F07D20}.Debug|x64.Build.0 = Debug|Any CPU
		{55F13771-CE55-4085-885C-C5F5F9F07D20}.Debug|x86.ActiveCfg = Debug|Any CPU
		{55F13771-CE55-4085-885C-C5F5F9F07D20}.Debug|x86.Build.0 = Debug|Any CPU
		{55F13771-CE55-4085-885C-C5F5F9F07D20}.Release|Any CPU.ActiveCfg = Release|Any CPU
		{55F13771-CE55-4085-885C-C5F5F9F07D20}.Release|Any CPU.Build.0 = Release|Any CPU
		{55F13771-CE55-4085-885C-C5F5F9F07D20}.Release|x64.ActiveCfg = Release|Any CPU
		{55F13771-CE55-4085-885C-C5F5F9F07D20}.Release|x64.Build.0 = Release|Any CPU
		{55F13771-CE55-4085-885C-C5F5F9F07D20}.Release|x86.ActiveCfg = Release|Any CPU
		{55F13771-CE55-4085-885C-C5F5F9F07D20}.Release|x86.Build.0 = Release|Any CPU
		{8EB98FB9-5701-4C99-A430-08DB56CF46C2}.Debug|Any CPU.ActiveCfg = Debug|Any CPU
		{8EB98FB9-5701-4C99-A430-08DB56CF46C2}.Debug|Any CPU.Build.0 = Debug|Any CPU
		{8EB98FB9-5701-4C99-A430-08DB56CF46C2}.Debug|x64.ActiveCfg = Debug|Any CPU
		{8EB98FB9-5701-4C99-A430-08DB56CF46C2}.Debug|x64.Build.0 = Debug|Any CPU
		{8EB98FB9-5701-4C99-A430-08DB56CF46C2}.Debug|x86.ActiveCfg = Debug|Any CPU
		{8EB98FB9-5701-4C99-A430-08DB56CF46C2}.Debug|x86.Build.0 = Debug|Any CPU
		{8EB98FB9-5701-4C99-A430-08DB56CF46C2}.Release|Any CPU.ActiveCfg = Release|Any CPU
		{8EB98FB9-5701-4C99-A430-08DB56CF46C2}.Release|Any CPU.Build.0 = Release|Any CPU
		{8EB98FB9-5701-4C99-A430-08DB56CF46C2}.Release|x64.ActiveCfg = Release|Any CPU
		{8EB98FB9-5701-4C99-A430-08DB56CF46C2}.Release|x64.Build.0 = Release|Any CPU
		{8EB98FB9-5701-4C99-A430-08DB56CF46C2}.Release|x86.ActiveCfg = Release|Any CPU
		{8EB98FB9-5701-4C99-A430-08DB56CF46C2}.Release|x86.Build.0 = Release|Any CPU
		{93E96079-6A6E-46F5-B83B-4F4087D52D66}.Debug|Any CPU.ActiveCfg = Debug|Any CPU
		{93E96079-6A6E-46F5-B83B-4F4087D52D66}.Debug|Any CPU.Build.0 = Debug|Any CPU
		{93E96079-6A6E-46F5-B83B-4F4087D52D66}.Debug|x64.ActiveCfg = Debug|Any CPU
		{93E96079-6A6E-46F5-B83B-4F4087D52D66}.Debug|x64.Build.0 = Debug|Any CPU
		{93E96079-6A6E-46F5-B83B-4F4087D52D66}.Debug|x86.ActiveCfg = Debug|Any CPU
		{93E96079-6A6E-46F5-B83B-4F4087D52D66}.Debug|x86.Build.0 = Debug|Any CPU
		{93E96079-6A6E-46F5-B83B-4F4087D52D66}.Release|Any CPU.ActiveCfg = Release|Any CPU
		{93E96079-6A6E-46F5-B83B-4F4087D52D66}.Release|Any CPU.Build.0 = Release|Any CPU
		{93E96079-6A6E-46F5-B83B-4F4087D52D66}.Release|x64.ActiveCfg = Release|Any CPU
		{93E96079-6A6E-46F5-B83B-4F4087D52D66}.Release|x64.Build.0 = Release|Any CPU
		{93E96079-6A6E-46F5-B83B-4F4087D52D66}.Release|x86.ActiveCfg = Release|Any CPU
		{93E96079-6A6E-46F5-B83B-4F4087D52D66}.Release|x86.Build.0 = Release|Any CPU
		{3F88C7BA-8A74-4293-A8F3-DCFBD9AFB388}.Debug|Any CPU.ActiveCfg = Debug|Any CPU
		{3F88C7BA-8A74-4293-A8F3-DCFBD9AFB388}.Debug|Any CPU.Build.0 = Debug|Any CPU
		{3F88C7BA-8A74-4293-A8F3-DCFBD9AFB388}.Debug|x64.ActiveCfg = Debug|Any CPU
		{3F88C7BA-8A74-4293-A8F3-DCFBD9AFB388}.Debug|x64.Build.0 = Debug|Any CPU
		{3F88C7BA-8A74-4293-A8F3-DCFBD9AFB388}.Debug|x86.ActiveCfg = Debug|Any CPU
		{3F88C7BA-8A74-4293-A8F3-DCFBD9AFB388}.Debug|x86.Build.0 = Debug|Any CPU
		{3F88C7BA-8A74-4293-A8F3-DCFBD9AFB388}.Release|Any CPU.ActiveCfg = Release|Any CPU
		{3F88C7BA-8A74-4293-A8F3-DCFBD9AFB388}.Release|Any CPU.Build.0 = Release|Any CPU
		{3F88C7BA-8A74-4293-A8F3-DCFBD9AFB388}.Release|x64.ActiveCfg = Release|Any CPU
		{3F88C7BA-8A74-4293-A8F3-DCFBD9AFB388}.Release|x64.Build.0 = Release|Any CPU
		{3F88C7BA-8A74-4293-A8F3-DCFBD9AFB388}.Release|x86.ActiveCfg = Release|Any CPU
		{3F88C7BA-8A74-4293-A8F3-DCFBD9AFB388}.Release|x86.Build.0 = Release|Any CPU
		{C780C745-9DCE-4686-BD76-5435FC338B7C}.Debug|Any CPU.ActiveCfg = Debug|Any CPU
		{C780C745-9DCE-4686-BD76-5435FC338B7C}.Debug|Any CPU.Build.0 = Debug|Any CPU
		{C780C745-9DCE-4686-BD76-5435FC338B7C}.Debug|x64.ActiveCfg = Debug|Any CPU
		{C780C745-9DCE-4686-BD76-5435FC338B7C}.Debug|x64.Build.0 = Debug|Any CPU
		{C780C745-9DCE-4686-BD76-5435FC338B7C}.Debug|x86.ActiveCfg = Debug|Any CPU
		{C780C745-9DCE-4686-BD76-5435FC338B7C}.Debug|x86.Build.0 = Debug|Any CPU
		{C780C745-9DCE-4686-BD76-5435FC338B7C}.Release|Any CPU.ActiveCfg = Release|Any CPU
		{C780C745-9DCE-4686-BD76-5435FC338B7C}.Release|Any CPU.Build.0 = Release|Any CPU
		{C780C745-9DCE-4686-BD76-5435FC338B7C}.Release|x64.ActiveCfg = Release|Any CPU
		{C780C745-9DCE-4686-BD76-5435FC338B7C}.Release|x64.Build.0 = Release|Any CPU
		{C780C745-9DCE-4686-BD76-5435FC338B7C}.Release|x86.ActiveCfg = Release|Any CPU
		{C780C745-9DCE-4686-BD76-5435FC338B7C}.Release|x86.Build.0 = Release|Any CPU
		{4C5957EF-8AD3-4740-8A70-10F1AABDEE59}.Debug|Any CPU.ActiveCfg = Debug|Any CPU
		{4C5957EF-8AD3-4740-8A70-10F1AABDEE59}.Debug|Any CPU.Build.0 = Debug|Any CPU
		{4C5957EF-8AD3-4740-8A70-10F1AABDEE59}.Debug|x64.ActiveCfg = Debug|x64
		{4C5957EF-8AD3-4740-8A70-10F1AABDEE59}.Debug|x64.Build.0 = Debug|x64
		{4C5957EF-8AD3-4740-8A70-10F1AABDEE59}.Debug|x86.ActiveCfg = Debug|x64
		{4C5957EF-8AD3-4740-8A70-10F1AABDEE59}.Debug|x86.Build.0 = Debug|x64
		{4C5957EF-8AD3-4740-8A70-10F1AABDEE59}.Release|Any CPU.ActiveCfg = Release|Any CPU
		{4C5957EF-8AD3-4740-8A70-10F1AABDEE59}.Release|Any CPU.Build.0 = Release|Any CPU
		{4C5957EF-8AD3-4740-8A70-10F1AABDEE59}.Release|x64.ActiveCfg = Release|x64
		{4C5957EF-8AD3-4740-8A70-10F1AABDEE59}.Release|x64.Build.0 = Release|x64
		{4C5957EF-8AD3-4740-8A70-10F1AABDEE59}.Release|x86.ActiveCfg = Release|x86
		{4C5957EF-8AD3-4740-8A70-10F1AABDEE59}.Release|x86.Build.0 = Release|x86
		{58A0D4EB-4835-4092-9351-5271E49B5082}.Debug|Any CPU.ActiveCfg = Debug|Any CPU
		{58A0D4EB-4835-4092-9351-5271E49B5082}.Debug|Any CPU.Build.0 = Debug|Any CPU
		{58A0D4EB-4835-4092-9351-5271E49B5082}.Debug|x64.ActiveCfg = Debug|Any CPU
		{58A0D4EB-4835-4092-9351-5271E49B5082}.Debug|x64.Build.0 = Debug|Any CPU
		{58A0D4EB-4835-4092-9351-5271E49B5082}.Debug|x86.ActiveCfg = Debug|Any CPU
		{58A0D4EB-4835-4092-9351-5271E49B5082}.Debug|x86.Build.0 = Debug|Any CPU
		{58A0D4EB-4835-4092-9351-5271E49B5082}.Release|Any CPU.ActiveCfg = Release|Any CPU
		{58A0D4EB-4835-4092-9351-5271E49B5082}.Release|Any CPU.Build.0 = Release|Any CPU
		{58A0D4EB-4835-4092-9351-5271E49B5082}.Release|x64.ActiveCfg = Release|Any CPU
		{58A0D4EB-4835-4092-9351-5271E49B5082}.Release|x64.Build.0 = Release|Any CPU
		{58A0D4EB-4835-4092-9351-5271E49B5082}.Release|x86.ActiveCfg = Release|Any CPU
		{58A0D4EB-4835-4092-9351-5271E49B5082}.Release|x86.Build.0 = Release|Any CPU
		{4460478D-1CD2-4C3D-BA9C-6E669863973E}.Debug|Any CPU.ActiveCfg = Debug|Any CPU
		{4460478D-1CD2-4C3D-BA9C-6E669863973E}.Debug|Any CPU.Build.0 = Debug|Any CPU
		{4460478D-1CD2-4C3D-BA9C-6E669863973E}.Release|Any CPU.ActiveCfg = Release|Any CPU
		{4460478D-1CD2-4C3D-BA9C-6E669863973E}.Release|Any CPU.Build.0 = Release|Any CPU
	EndGlobalSection
	GlobalSection(SolutionProperties) = preSolution
		HideSolutionNode = FALSE
	EndGlobalSection
	GlobalSection(ExtensibilityGlobals) = postSolution
		SolutionGuid = {235AB1A7-0A0B-4DF6-B032-F556F436A082}
	EndGlobalSection
EndGlobal
