
Microsoft Visual Studio Solution File, Format Version 12.00
# Visual Studio Version 17
VisualStudioVersion = 17.3.32811.315
MinimumVisualStudioVersion = 10.0.40219.1
Project("{9A19103F-16F7-4668-BE54-9A1E7A4F7556}") = "ServerCore", "Libs\ServerCore\ServerCore.csproj", "{BB28E51F-3E29-4BB8-A478-530AB842D5DA}"
EndProject
Project("{9A19103F-16F7-4668-BE54-9A1E7A4F7556}") = "ServiceApp", "Client\ServiceApp\ServiceApp.csproj", "{4460478D-1CD2-4C3D-BA9C-6E669863973E}"
EndProject
Project("{9A19103F-16F7-4668-BE54-9A1E7A4F7556}") = "ServerApp", "Server\ServerApp\ServerApp.csproj", "{B61C9950-977E-449C-A625-AA7E928CCAB9}"
EndProject
Project("{9A19103F-16F7-4668-BE54-9A1E7A4F7556}") = "HttpsTester", "Tests\HttpsTester\HttpsTester.csproj", "{3ABA1519-6902-4C2F-A1ED-8945AE340853}"
EndProject
Project("{9A19103F-16F7-4668-BE54-9A1E7A4F7556}") = "PluginExample", "Examples\PluginExample\PluginExample.csproj", "{9989F471-38F6-4693-8076-85410EEBF6C9}"
EndProject
Project("{9A19103F-16F7-4668-BE54-9A1E7A4F7556}") = "dummydll", "Examples\dummydll\dummydll.csproj", "{F9AAD7B3-4800-4F3C-A564-83EDEDBC94A8}"
EndProject
Project("{9A19103F-16F7-4668-BE54-9A1E7A4F7556}") = "CreatorApp", "Server\CreatorApp\CreatorApp.csproj", "{55F13771-CE55-4085-885C-C5F5F9F07D20}"
EndProject
Project("{9A19103F-16F7-4668-BE54-9A1E7A4F7556}") = "upc_r2", "Client\upc_r2\upc_r2.csproj", "{8EB98FB9-5701-4C99-A430-08DB56CF46C2}"
EndProject
Project("{9A19103F-16F7-4668-BE54-9A1E7A4F7556}") = "ClientApp", "Client\ClientApp\ClientApp.csproj", "{3F88C7BA-8A74-4293-A8F3-DCFBD9AFB388}"
EndProject
Project("{9A19103F-16F7-4668-BE54-9A1E7A4F7556}") = "SharedLib", "Libs\Shared\SharedLib.csproj", "{C780C745-9DCE-4686-BD76-5435FC338B7C}"
EndProject
Project("{9A19103F-16F7-4668-BE54-9A1E7A4F7556}") = "ClientTester", "Tests\ClientTester\ClientTester.csproj", "{58A0D4EB-4835-4092-9351-5271E49B5082}"
EndProject
Project("{9A19103F-16F7-4668-BE54-9A1E7A4F7556}") = "upc_r1", "Client\upc_r1\upc_r1.csproj", "{02DB0B97-3608-4EF2-B7AA-05B211A996EA}"
EndProject
Project("{2150E333-8FDC-42A3-9474-1A3956D46DE8}") = "Tests", "Tests", "{D40CF5F9-7961-414D-B071-EF1AB73ACBBE}"
EndProject
Project("{FAE04EC0-301F-11D3-BF4B-00C04F79EFBC}") = "SharedTest", "Tests\SharedTest\SharedTest.csproj", "{63FA35C6-EA30-4218-8FDB-4259191CBC15}"
EndProject
Project("{2150E333-8FDC-42A3-9474-1A3956D46DE8}") = "Libs", "Libs", "{7D9901EF-4E8C-489B-80E6-AD46B16059FF}"
EndProject
Project("{2150E333-8FDC-42A3-9474-1A3956D46DE8}") = "Apps", "Apps", "{5EC6DB32-1B83-4FB9-9602-AF836778A679}"
EndProject
Project("{2150E333-8FDC-42A3-9474-1A3956D46DE8}") = "Dll", "Dll", "{5A3D625B-BECE-4E10-9D58-D0F3D4FCC0F9}"
EndProject
Project("{2150E333-8FDC-42A3-9474-1A3956D46DE8}") = "Plugins", "Plugins", "{629A8482-6F76-480F-B26F-2EDDAB1C9735}"
EndProject
Project("{FAE04EC0-301F-11D3-BF4B-00C04F79EFBC}") = "StormDetect", "Plugins\StormDetect\StormDetect.csproj", "{876DF932-A565-40E2-8D58-4D4EE3C6558B}"
EndProject
Project("{FAE04EC0-301F-11D3-BF4B-00C04F79EFBC}") = "TC_Server", "Plugins\TC_Server\TC_Server.csproj", "{641DCD8C-7579-464F-9131-1BEF1518231F}"
EndProject
Project("{FAE04EC0-301F-11D3-BF4B-00C04F79EFBC}") = "TD1_Server", "Plugins\TD1_Server\TD1_Server.csproj", "{7924EF34-27AC-41B2-9F0C-733E86C01BB1}"
EndProject
Project("{FAE04EC0-301F-11D3-BF4B-00C04F79EFBC}") = "dbdata", "Client\dbdata\dbdata.csproj", "{62CEC916-702C-48D3-AC39-9104805137B1}"
EndProject
Global
	GlobalSection(SolutionConfigurationPlatforms) = preSolution
		Debug|Any CPU = Debug|Any CPU
		Debug|x64 = Debug|x64
		Debug|x86 = Debug|x86
		Release|Any CPU = Release|Any CPU
		Release|x64 = Release|x64
		Release|x86 = Release|x86
	EndGlobalSection
	GlobalSection(ProjectConfigurationPlatforms) = postSolution
		{BB28E51F-3E29-4BB8-A478-530AB842D5DA}.Debug|Any CPU.ActiveCfg = Debug|Any CPU
		{BB28E51F-3E29-4BB8-A478-530AB842D5DA}.Debug|Any CPU.Build.0 = Debug|Any CPU
		{BB28E51F-3E29-4BB8-A478-530AB842D5DA}.Debug|x64.ActiveCfg = Debug|Any CPU
		{BB28E51F-3E29-4BB8-A478-530AB842D5DA}.Debug|x64.Build.0 = Debug|Any CPU
		{BB28E51F-3E29-4BB8-A478-530AB842D5DA}.Debug|x86.ActiveCfg = Debug|Any CPU
		{BB28E51F-3E29-4BB8-A478-530AB842D5DA}.Debug|x86.Build.0 = Debug|Any CPU
		{BB28E51F-3E29-4BB8-A478-530AB842D5DA}.Release|Any CPU.ActiveCfg = Release|Any CPU
		{BB28E51F-3E29-4BB8-A478-530AB842D5DA}.Release|Any CPU.Build.0 = Release|Any CPU
		{BB28E51F-3E29-4BB8-A478-530AB842D5DA}.Release|x64.ActiveCfg = Release|Any CPU
		{BB28E51F-3E29-4BB8-A478-530AB842D5DA}.Release|x64.Build.0 = Release|Any CPU
		{BB28E51F-3E29-4BB8-A478-530AB842D5DA}.Release|x86.ActiveCfg = Release|Any CPU
		{BB28E51F-3E29-4BB8-A478-530AB842D5DA}.Release|x86.Build.0 = Release|Any CPU
		{4460478D-1CD2-4C3D-BA9C-6E669863973E}.Debug|Any CPU.ActiveCfg = Debug|Any CPU
		{4460478D-1CD2-4C3D-BA9C-6E669863973E}.Debug|Any CPU.Build.0 = Debug|Any CPU
		{4460478D-1CD2-4C3D-BA9C-6E669863973E}.Debug|x64.ActiveCfg = Debug|Any CPU
		{4460478D-1CD2-4C3D-BA9C-6E669863973E}.Debug|x64.Build.0 = Debug|Any CPU
		{4460478D-1CD2-4C3D-BA9C-6E669863973E}.Debug|x86.ActiveCfg = Debug|Any CPU
		{4460478D-1CD2-4C3D-BA9C-6E669863973E}.Debug|x86.Build.0 = Debug|Any CPU
		{4460478D-1CD2-4C3D-BA9C-6E669863973E}.Release|Any CPU.ActiveCfg = Release|Any CPU
		{4460478D-1CD2-4C3D-BA9C-6E669863973E}.Release|Any CPU.Build.0 = Release|Any CPU
		{4460478D-1CD2-4C3D-BA9C-6E669863973E}.Release|x64.ActiveCfg = Release|Any CPU
		{4460478D-1CD2-4C3D-BA9C-6E669863973E}.Release|x64.Build.0 = Release|Any CPU
		{4460478D-1CD2-4C3D-BA9C-6E669863973E}.Release|x86.ActiveCfg = Release|Any CPU
		{4460478D-1CD2-4C3D-BA9C-6E669863973E}.Release|x86.Build.0 = Release|Any CPU
		{B61C9950-977E-449C-A625-AA7E928CCAB9}.Debug|Any CPU.ActiveCfg = Debug|Any CPU
		{B61C9950-977E-449C-A625-AA7E928CCAB9}.Debug|Any CPU.Build.0 = Debug|Any CPU
		{B61C9950-977E-449C-A625-AA7E928CCAB9}.Debug|x64.ActiveCfg = Debug|Any CPU
		{B61C9950-977E-449C-A625-AA7E928CCAB9}.Debug|x64.Build.0 = Debug|Any CPU
		{B61C9950-977E-449C-A625-AA7E928CCAB9}.Debug|x86.ActiveCfg = Debug|Any CPU
		{B61C9950-977E-449C-A625-AA7E928CCAB9}.Debug|x86.Build.0 = Debug|Any CPU
		{B61C9950-977E-449C-A625-AA7E928CCAB9}.Release|Any CPU.ActiveCfg = Release|Any CPU
		{B61C9950-977E-449C-A625-AA7E928CCAB9}.Release|Any CPU.Build.0 = Release|Any CPU
		{B61C9950-977E-449C-A625-AA7E928CCAB9}.Release|x64.ActiveCfg = Release|Any CPU
		{B61C9950-977E-449C-A625-AA7E928CCAB9}.Release|x64.Build.0 = Release|Any CPU
		{B61C9950-977E-449C-A625-AA7E928CCAB9}.Release|x86.ActiveCfg = Release|Any CPU
		{B61C9950-977E-449C-A625-AA7E928CCAB9}.Release|x86.Build.0 = Release|Any CPU
		{3ABA1519-6902-4C2F-A1ED-8945AE340853}.Debug|Any CPU.ActiveCfg = Debug|Any CPU
		{3ABA1519-6902-4C2F-A1ED-8945AE340853}.Debug|Any CPU.Build.0 = Debug|Any CPU
		{3ABA1519-6902-4C2F-A1ED-8945AE340853}.Debug|x64.ActiveCfg = Debug|Any CPU
		{3ABA1519-6902-4C2F-A1ED-8945AE340853}.Debug|x64.Build.0 = Debug|Any CPU
		{3ABA1519-6902-4C2F-A1ED-8945AE340853}.Debug|x86.ActiveCfg = Debug|Any CPU
		{3ABA1519-6902-4C2F-A1ED-8945AE340853}.Debug|x86.Build.0 = Debug|Any CPU
		{3ABA1519-6902-4C2F-A1ED-8945AE340853}.Release|Any CPU.ActiveCfg = Release|Any CPU
		{3ABA1519-6902-4C2F-A1ED-8945AE340853}.Release|Any CPU.Build.0 = Release|Any CPU
		{3ABA1519-6902-4C2F-A1ED-8945AE340853}.Release|x64.ActiveCfg = Release|Any CPU
		{3ABA1519-6902-4C2F-A1ED-8945AE340853}.Release|x64.Build.0 = Release|Any CPU
		{3ABA1519-6902-4C2F-A1ED-8945AE340853}.Release|x86.ActiveCfg = Release|Any CPU
		{3ABA1519-6902-4C2F-A1ED-8945AE340853}.Release|x86.Build.0 = Release|Any CPU
		{9989F471-38F6-4693-8076-85410EEBF6C9}.Debug|Any CPU.ActiveCfg = Debug|Any CPU
		{9989F471-38F6-4693-8076-85410EEBF6C9}.Debug|Any CPU.Build.0 = Debug|Any CPU
		{9989F471-38F6-4693-8076-85410EEBF6C9}.Debug|x64.ActiveCfg = Debug|Any CPU
		{9989F471-38F6-4693-8076-85410EEBF6C9}.Debug|x64.Build.0 = Debug|Any CPU
		{9989F471-38F6-4693-8076-85410EEBF6C9}.Debug|x86.ActiveCfg = Debug|Any CPU
		{9989F471-38F6-4693-8076-85410EEBF6C9}.Debug|x86.Build.0 = Debug|Any CPU
		{9989F471-38F6-4693-8076-85410EEBF6C9}.Release|Any CPU.ActiveCfg = Release|Any CPU
		{9989F471-38F6-4693-8076-85410EEBF6C9}.Release|Any CPU.Build.0 = Release|Any CPU
		{9989F471-38F6-4693-8076-85410EEBF6C9}.Release|x64.ActiveCfg = Release|Any CPU
		{9989F471-38F6-4693-8076-85410EEBF6C9}.Release|x64.Build.0 = Release|Any CPU
		{9989F471-38F6-4693-8076-85410EEBF6C9}.Release|x86.ActiveCfg = Release|Any CPU
		{9989F471-38F6-4693-8076-85410EEBF6C9}.Release|x86.Build.0 = Release|Any CPU
		{F9AAD7B3-4800-4F3C-A564-83EDEDBC94A8}.Debug|Any CPU.ActiveCfg = Debug|Any CPU
		{F9AAD7B3-4800-4F3C-A564-83EDEDBC94A8}.Debug|Any CPU.Build.0 = Debug|Any CPU
		{F9AAD7B3-4800-4F3C-A564-83EDEDBC94A8}.Debug|x64.ActiveCfg = Debug|Any CPU
		{F9AAD7B3-4800-4F3C-A564-83EDEDBC94A8}.Debug|x64.Build.0 = Debug|Any CPU
		{F9AAD7B3-4800-4F3C-A564-83EDEDBC94A8}.Debug|x86.ActiveCfg = Debug|Any CPU
		{F9AAD7B3-4800-4F3C-A564-83EDEDBC94A8}.Debug|x86.Build.0 = Debug|Any CPU
		{F9AAD7B3-4800-4F3C-A564-83EDEDBC94A8}.Release|Any CPU.ActiveCfg = Release|Any CPU
		{F9AAD7B3-4800-4F3C-A564-83EDEDBC94A8}.Release|Any CPU.Build.0 = Release|Any CPU
		{F9AAD7B3-4800-4F3C-A564-83EDEDBC94A8}.Release|x64.ActiveCfg = Release|Any CPU
		{F9AAD7B3-4800-4F3C-A564-83EDEDBC94A8}.Release|x64.Build.0 = Release|Any CPU
		{F9AAD7B3-4800-4F3C-A564-83EDEDBC94A8}.Release|x86.ActiveCfg = Release|Any CPU
		{F9AAD7B3-4800-4F3C-A564-83EDEDBC94A8}.Release|x86.Build.0 = Release|Any CPU
		{55F13771-CE55-4085-885C-C5F5F9F07D20}.Debug|Any CPU.ActiveCfg = Debug|Any CPU
		{55F13771-CE55-4085-885C-C5F5F9F07D20}.Debug|Any CPU.Build.0 = Debug|Any CPU
		{55F13771-CE55-4085-885C-C5F5F9F07D20}.Debug|x64.ActiveCfg = Debug|Any CPU
		{55F13771-CE55-4085-885C-C5F5F9F07D20}.Debug|x64.Build.0 = Debug|Any CPU
		{55F13771-CE55-4085-885C-C5F5F9F07D20}.Debug|x86.ActiveCfg = Debug|Any CPU
		{55F13771-CE55-4085-885C-C5F5F9F07D20}.Debug|x86.Build.0 = Debug|Any CPU
		{55F13771-CE55-4085-885C-C5F5F9F07D20}.Release|Any CPU.ActiveCfg = Release|Any CPU
		{55F13771-CE55-4085-885C-C5F5F9F07D20}.Release|Any CPU.Build.0 = Release|Any CPU
		{55F13771-CE55-4085-885C-C5F5F9F07D20}.Release|x64.ActiveCfg = Release|Any CPU
		{55F13771-CE55-4085-885C-C5F5F9F07D20}.Release|x64.Build.0 = Release|Any CPU
		{55F13771-CE55-4085-885C-C5F5F9F07D20}.Release|x86.ActiveCfg = Release|Any CPU
		{55F13771-CE55-4085-885C-C5F5F9F07D20}.Release|x86.Build.0 = Release|Any CPU
		{8EB98FB9-5701-4C99-A430-08DB56CF46C2}.Debug|Any CPU.ActiveCfg = Debug|Any CPU
		{8EB98FB9-5701-4C99-A430-08DB56CF46C2}.Debug|Any CPU.Build.0 = Debug|Any CPU
		{8EB98FB9-5701-4C99-A430-08DB56CF46C2}.Debug|x64.ActiveCfg = Debug|x64
		{8EB98FB9-5701-4C99-A430-08DB56CF46C2}.Debug|x64.Build.0 = Debug|x64
		{8EB98FB9-5701-4C99-A430-08DB56CF46C2}.Debug|x86.ActiveCfg = Debug|x86
		{8EB98FB9-5701-4C99-A430-08DB56CF46C2}.Debug|x86.Build.0 = Debug|x86
		{8EB98FB9-5701-4C99-A430-08DB56CF46C2}.Release|Any CPU.ActiveCfg = Release|Any CPU
		{8EB98FB9-5701-4C99-A430-08DB56CF46C2}.Release|Any CPU.Build.0 = Release|Any CPU
		{8EB98FB9-5701-4C99-A430-08DB56CF46C2}.Release|x64.ActiveCfg = Release|x64
		{8EB98FB9-5701-4C99-A430-08DB56CF46C2}.Release|x64.Build.0 = Release|x64
		{8EB98FB9-5701-4C99-A430-08DB56CF46C2}.Release|x86.ActiveCfg = Release|x86
		{8EB98FB9-5701-4C99-A430-08DB56CF46C2}.Release|x86.Build.0 = Release|x86
		{3F88C7BA-8A74-4293-A8F3-DCFBD9AFB388}.Debug|Any CPU.ActiveCfg = Debug|Any CPU
		{3F88C7BA-8A74-4293-A8F3-DCFBD9AFB388}.Debug|Any CPU.Build.0 = Debug|Any CPU
		{3F88C7BA-8A74-4293-A8F3-DCFBD9AFB388}.Debug|x64.ActiveCfg = Debug|Any CPU
		{3F88C7BA-8A74-4293-A8F3-DCFBD9AFB388}.Debug|x64.Build.0 = Debug|Any CPU
		{3F88C7BA-8A74-4293-A8F3-DCFBD9AFB388}.Debug|x86.ActiveCfg = Debug|Any CPU
		{3F88C7BA-8A74-4293-A8F3-DCFBD9AFB388}.Debug|x86.Build.0 = Debug|Any CPU
		{3F88C7BA-8A74-4293-A8F3-DCFBD9AFB388}.Release|Any CPU.ActiveCfg = Release|Any CPU
		{3F88C7BA-8A74-4293-A8F3-DCFBD9AFB388}.Release|Any CPU.Build.0 = Release|Any CPU
		{3F88C7BA-8A74-4293-A8F3-DCFBD9AFB388}.Release|x64.ActiveCfg = Release|Any CPU
		{3F88C7BA-8A74-4293-A8F3-DCFBD9AFB388}.Release|x64.Build.0 = Release|Any CPU
		{3F88C7BA-8A74-4293-A8F3-DCFBD9AFB388}.Release|x86.ActiveCfg = Release|Any CPU
		{3F88C7BA-8A74-4293-A8F3-DCFBD9AFB388}.Release|x86.Build.0 = Release|Any CPU
		{C780C745-9DCE-4686-BD76-5435FC338B7C}.Debug|Any CPU.ActiveCfg = Debug|Any CPU
		{C780C745-9DCE-4686-BD76-5435FC338B7C}.Debug|Any CPU.Build.0 = Debug|Any CPU
		{C780C745-9DCE-4686-BD76-5435FC338B7C}.Debug|x64.ActiveCfg = Debug|Any CPU
		{C780C745-9DCE-4686-BD76-5435FC338B7C}.Debug|x64.Build.0 = Debug|Any CPU
		{C780C745-9DCE-4686-BD76-5435FC338B7C}.Debug|x86.ActiveCfg = Debug|Any CPU
		{C780C745-9DCE-4686-BD76-5435FC338B7C}.Debug|x86.Build.0 = Debug|Any CPU
		{C780C745-9DCE-4686-BD76-5435FC338B7C}.Release|Any CPU.ActiveCfg = Release|Any CPU
		{C780C745-9DCE-4686-BD76-5435FC338B7C}.Release|Any CPU.Build.0 = Release|Any CPU
		{C780C745-9DCE-4686-BD76-5435FC338B7C}.Release|x64.ActiveCfg = Release|Any CPU
		{C780C745-9DCE-4686-BD76-5435FC338B7C}.Release|x64.Build.0 = Release|Any CPU
		{C780C745-9DCE-4686-BD76-5435FC338B7C}.Release|x86.ActiveCfg = Release|Any CPU
		{C780C745-9DCE-4686-BD76-5435FC338B7C}.Release|x86.Build.0 = Release|Any CPU
		{58A0D4EB-4835-4092-9351-5271E49B5082}.Debug|Any CPU.ActiveCfg = Debug|Any CPU
		{58A0D4EB-4835-4092-9351-5271E49B5082}.Debug|Any CPU.Build.0 = Debug|Any CPU
		{58A0D4EB-4835-4092-9351-5271E49B5082}.Debug|x64.ActiveCfg = Debug|Any CPU
		{58A0D4EB-4835-4092-9351-5271E49B5082}.Debug|x64.Build.0 = Debug|Any CPU
		{58A0D4EB-4835-4092-9351-5271E49B5082}.Debug|x86.ActiveCfg = Debug|Any CPU
		{58A0D4EB-4835-4092-9351-5271E49B5082}.Debug|x86.Build.0 = Debug|Any CPU
		{58A0D4EB-4835-4092-9351-5271E49B5082}.Release|Any CPU.ActiveCfg = Release|Any CPU
		{58A0D4EB-4835-4092-9351-5271E49B5082}.Release|Any CPU.Build.0 = Release|Any CPU
		{58A0D4EB-4835-4092-9351-5271E49B5082}.Release|x64.ActiveCfg = Release|Any CPU
		{58A0D4EB-4835-4092-9351-5271E49B5082}.Release|x64.Build.0 = Release|Any CPU
		{58A0D4EB-4835-4092-9351-5271E49B5082}.Release|x86.ActiveCfg = Release|Any CPU
		{58A0D4EB-4835-4092-9351-5271E49B5082}.Release|x86.Build.0 = Release|Any CPU
		{02DB0B97-3608-4EF2-B7AA-05B211A996EA}.Debug|Any CPU.ActiveCfg = Debug|Any CPU
		{02DB0B97-3608-4EF2-B7AA-05B211A996EA}.Debug|Any CPU.Build.0 = Debug|Any CPU
		{02DB0B97-3608-4EF2-B7AA-05B211A996EA}.Debug|x64.ActiveCfg = Debug|x64
		{02DB0B97-3608-4EF2-B7AA-05B211A996EA}.Debug|x64.Build.0 = Debug|x64
		{02DB0B97-3608-4EF2-B7AA-05B211A996EA}.Debug|x86.ActiveCfg = Debug|x86
		{02DB0B97-3608-4EF2-B7AA-05B211A996EA}.Debug|x86.Build.0 = Debug|x86
		{02DB0B97-3608-4EF2-B7AA-05B211A996EA}.Release|Any CPU.ActiveCfg = Release|Any CPU
		{02DB0B97-3608-4EF2-B7AA-05B211A996EA}.Release|Any CPU.Build.0 = Release|Any CPU
		{02DB0B97-3608-4EF2-B7AA-05B211A996EA}.Release|x64.ActiveCfg = Release|x64
		{02DB0B97-3608-4EF2-B7AA-05B211A996EA}.Release|x64.Build.0 = Release|x64
		{02DB0B97-3608-4EF2-B7AA-05B211A996EA}.Release|x86.ActiveCfg = Release|x86
		{02DB0B97-3608-4EF2-B7AA-05B211A996EA}.Release|x86.Build.0 = Release|x86
		{63FA35C6-EA30-4218-8FDB-4259191CBC15}.Debug|Any CPU.ActiveCfg = Debug|Any CPU
		{63FA35C6-EA30-4218-8FDB-4259191CBC15}.Debug|Any CPU.Build.0 = Debug|Any CPU
		{63FA35C6-EA30-4218-8FDB-4259191CBC15}.Debug|x64.ActiveCfg = Debug|Any CPU
		{63FA35C6-EA30-4218-8FDB-4259191CBC15}.Debug|x64.Build.0 = Debug|Any CPU
		{63FA35C6-EA30-4218-8FDB-4259191CBC15}.Debug|x86.ActiveCfg = Debug|Any CPU
		{63FA35C6-EA30-4218-8FDB-4259191CBC15}.Debug|x86.Build.0 = Debug|Any CPU
		{63FA35C6-EA30-4218-8FDB-4259191CBC15}.Release|Any CPU.ActiveCfg = Release|Any CPU
		{63FA35C6-EA30-4218-8FDB-4259191CBC15}.Release|Any CPU.Build.0 = Release|Any CPU
		{63FA35C6-EA30-4218-8FDB-4259191CBC15}.Release|x64.ActiveCfg = Release|Any CPU
		{63FA35C6-EA30-4218-8FDB-4259191CBC15}.Release|x64.Build.0 = Release|Any CPU
		{63FA35C6-EA30-4218-8FDB-4259191CBC15}.Release|x86.ActiveCfg = Release|Any CPU
		{63FA35C6-EA30-4218-8FDB-4259191CBC15}.Release|x86.Build.0 = Release|Any CPU
		{876DF932-A565-40E2-8D58-4D4EE3C6558B}.Debug|Any CPU.ActiveCfg = Debug|Any CPU
		{876DF932-A565-40E2-8D58-4D4EE3C6558B}.Debug|Any CPU.Build.0 = Debug|Any CPU
		{876DF932-A565-40E2-8D58-4D4EE3C6558B}.Debug|x64.ActiveCfg = Debug|Any CPU
		{876DF932-A565-40E2-8D58-4D4EE3C6558B}.Debug|x64.Build.0 = Debug|Any CPU
		{876DF932-A565-40E2-8D58-4D4EE3C6558B}.Debug|x86.ActiveCfg = Debug|Any CPU
		{876DF932-A565-40E2-8D58-4D4EE3C6558B}.Debug|x86.Build.0 = Debug|Any CPU
		{876DF932-A565-40E2-8D58-4D4EE3C6558B}.Release|Any CPU.ActiveCfg = Release|Any CPU
		{876DF932-A565-40E2-8D58-4D4EE3C6558B}.Release|Any CPU.Build.0 = Release|Any CPU
		{876DF932-A565-40E2-8D58-4D4EE3C6558B}.Release|x64.ActiveCfg = Release|Any CPU
		{876DF932-A565-40E2-8D58-4D4EE3C6558B}.Release|x64.Build.0 = Release|Any CPU
		{876DF932-A565-40E2-8D58-4D4EE3C6558B}.Release|x86.ActiveCfg = Release|Any CPU
		{876DF932-A565-40E2-8D58-4D4EE3C6558B}.Release|x86.Build.0 = Release|Any CPU
		{641DCD8C-7579-464F-9131-1BEF1518231F}.Debug|Any CPU.ActiveCfg = Debug|Any CPU
		{641DCD8C-7579-464F-9131-1BEF1518231F}.Debug|Any CPU.Build.0 = Debug|Any CPU
		{641DCD8C-7579-464F-9131-1BEF1518231F}.Debug|x64.ActiveCfg = Debug|Any CPU
		{641DCD8C-7579-464F-9131-1BEF1518231F}.Debug|x64.Build.0 = Debug|Any CPU
		{641DCD8C-7579-464F-9131-1BEF1518231F}.Debug|x86.ActiveCfg = Debug|Any CPU
		{641DCD8C-7579-464F-9131-1BEF1518231F}.Debug|x86.Build.0 = Debug|Any CPU
		{641DCD8C-7579-464F-9131-1BEF1518231F}.Release|Any CPU.ActiveCfg = Release|Any CPU
		{641DCD8C-7579-464F-9131-1BEF1518231F}.Release|Any CPU.Build.0 = Release|Any CPU
		{641DCD8C-7579-464F-9131-1BEF1518231F}.Release|x64.ActiveCfg = Release|Any CPU
		{641DCD8C-7579-464F-9131-1BEF1518231F}.Release|x64.Build.0 = Release|Any CPU
		{641DCD8C-7579-464F-9131-1BEF1518231F}.Release|x86.ActiveCfg = Release|Any CPU
		{641DCD8C-7579-464F-9131-1BEF1518231F}.Release|x86.Build.0 = Release|Any CPU
		{7924EF34-27AC-41B2-9F0C-733E86C01BB1}.Debug|Any CPU.ActiveCfg = Debug|Any CPU
		{7924EF34-27AC-41B2-9F0C-733E86C01BB1}.Debug|Any CPU.Build.0 = Debug|Any CPU
		{7924EF34-27AC-41B2-9F0C-733E86C01BB1}.Debug|x64.ActiveCfg = Debug|Any CPU
		{7924EF34-27AC-41B2-9F0C-733E86C01BB1}.Debug|x64.Build.0 = Debug|Any CPU
		{7924EF34-27AC-41B2-9F0C-733E86C01BB1}.Debug|x86.ActiveCfg = Debug|Any CPU
		{7924EF34-27AC-41B2-9F0C-733E86C01BB1}.Debug|x86.Build.0 = Debug|Any CPU
		{7924EF34-27AC-41B2-9F0C-733E86C01BB1}.Release|Any CPU.ActiveCfg = Release|Any CPU
		{7924EF34-27AC-41B2-9F0C-733E86C01BB1}.Release|Any CPU.Build.0 = Release|Any CPU
		{7924EF34-27AC-41B2-9F0C-733E86C01BB1}.Release|x64.ActiveCfg = Release|Any CPU
		{7924EF34-27AC-41B2-9F0C-733E86C01BB1}.Release|x64.Build.0 = Release|Any CPU
		{7924EF34-27AC-41B2-9F0C-733E86C01BB1}.Release|x86.ActiveCfg = Release|Any CPU
		{7924EF34-27AC-41B2-9F0C-733E86C01BB1}.Release|x86.Build.0 = Release|Any CPU
		{62CEC916-702C-48D3-AC39-9104805137B1}.Debug|Any CPU.ActiveCfg = Debug|Any CPU
		{62CEC916-702C-48D3-AC39-9104805137B1}.Debug|Any CPU.Build.0 = Debug|Any CPU
		{62CEC916-702C-48D3-AC39-9104805137B1}.Debug|x64.ActiveCfg = Debug|Any CPU
		{62CEC916-702C-48D3-AC39-9104805137B1}.Debug|x64.Build.0 = Debug|Any CPU
		{62CEC916-702C-48D3-AC39-9104805137B1}.Debug|x86.ActiveCfg = Debug|Any CPU
		{62CEC916-702C-48D3-AC39-9104805137B1}.Debug|x86.Build.0 = Debug|Any CPU
		{62CEC916-702C-48D3-AC39-9104805137B1}.Release|Any CPU.ActiveCfg = Release|Any CPU
		{62CEC916-702C-48D3-AC39-9104805137B1}.Release|Any CPU.Build.0 = Release|Any CPU
		{62CEC916-702C-48D3-AC39-9104805137B1}.Release|x64.ActiveCfg = Release|Any CPU
		{62CEC916-702C-48D3-AC39-9104805137B1}.Release|x64.Build.0 = Release|Any CPU
		{62CEC916-702C-48D3-AC39-9104805137B1}.Release|x86.ActiveCfg = Release|Any CPU
		{62CEC916-702C-48D3-AC39-9104805137B1}.Release|x86.Build.0 = Release|Any CPU
	EndGlobalSection
	GlobalSection(SolutionProperties) = preSolution
		HideSolutionNode = FALSE
	EndGlobalSection
	GlobalSection(NestedProjects) = preSolution
		{BB28E51F-3E29-4BB8-A478-530AB842D5DA} = {7D9901EF-4E8C-489B-80E6-AD46B16059FF}
		{4460478D-1CD2-4C3D-BA9C-6E669863973E} = {5EC6DB32-1B83-4FB9-9602-AF836778A679}
		{B61C9950-977E-449C-A625-AA7E928CCAB9} = {5EC6DB32-1B83-4FB9-9602-AF836778A679}
		{3ABA1519-6902-4C2F-A1ED-8945AE340853} = {D40CF5F9-7961-414D-B071-EF1AB73ACBBE}
		{F9AAD7B3-4800-4F3C-A564-83EDEDBC94A8} = {5A3D625B-BECE-4E10-9D58-D0F3D4FCC0F9}
		{55F13771-CE55-4085-885C-C5F5F9F07D20} = {5EC6DB32-1B83-4FB9-9602-AF836778A679}
		{8EB98FB9-5701-4C99-A430-08DB56CF46C2} = {5A3D625B-BECE-4E10-9D58-D0F3D4FCC0F9}
		{3F88C7BA-8A74-4293-A8F3-DCFBD9AFB388} = {5EC6DB32-1B83-4FB9-9602-AF836778A679}
		{C780C745-9DCE-4686-BD76-5435FC338B7C} = {7D9901EF-4E8C-489B-80E6-AD46B16059FF}
		{58A0D4EB-4835-4092-9351-5271E49B5082} = {D40CF5F9-7961-414D-B071-EF1AB73ACBBE}
		{02DB0B97-3608-4EF2-B7AA-05B211A996EA} = {5A3D625B-BECE-4E10-9D58-D0F3D4FCC0F9}
		{63FA35C6-EA30-4218-8FDB-4259191CBC15} = {D40CF5F9-7961-414D-B071-EF1AB73ACBBE}
		{876DF932-A565-40E2-8D58-4D4EE3C6558B} = {629A8482-6F76-480F-B26F-2EDDAB1C9735}
		{641DCD8C-7579-464F-9131-1BEF1518231F} = {629A8482-6F76-480F-B26F-2EDDAB1C9735}
		{7924EF34-27AC-41B2-9F0C-733E86C01BB1} = {629A8482-6F76-480F-B26F-2EDDAB1C9735}
		{62CEC916-702C-48D3-AC39-9104805137B1} = {5A3D625B-BECE-4E10-9D58-D0F3D4FCC0F9}
	EndGlobalSection
	GlobalSection(ExtensibilityGlobals) = postSolution
		SolutionGuid = {235AB1A7-0A0B-4DF6-B032-F556F436A082}
	EndGlobalSection
EndGlobal
