
Microsoft Visual Studio Solution File, Format Version 12.00
# Visual Studio Version 17
VisualStudioVersion = 17.5.33424.131
MinimumVisualStudioVersion = 10.0.40219.1
Project("{9A19103F-16F7-4668-BE54-9A1E7A4F7556}") = "LzhamWrapper", "LzhamWrapper\LzhamWrapper.csproj", "{3C5F3DDF-5EC5-4BCA-A23A-FE422CB4A4EF}"
EndProject
Project("{9A19103F-16F7-4668-BE54-9A1E7A4F7556}") = "ClientKit", "ClientKit\ClientKit.csproj", "{B6CCCD28-A7AD-45F9-A464-22EF68955CEE}"
EndProject
Project("{9A19103F-16F7-4668-BE54-9A1E7A4F7556}") = "ServerCore", "ServerCore\ServerCore.csproj", "{C60C4B60-49E6-4DBE-933C-8DE885815709}"
EndProject
Project("{9A19103F-16F7-4668-BE54-9A1E7A4F7556}") = "SharedLib", "Shared\SharedLib.csproj", "{BFF928BD-FC13-4B51-8723-4F92D6BF59D6}"
EndProject
Global
	GlobalSection(SolutionConfigurationPlatforms) = preSolution
		Debug|Any CPU = Debug|Any CPU
		Debug|x64 = Debug|x64
		Debug|x86 = Debug|x86
		Release|Any CPU = Release|Any CPU
		Release|x64 = Release|x64
		Release|x86 = Release|x86
	EndGlobalSection
	GlobalSection(ProjectConfigurationPlatforms) = postSolution
		{3C5F3DDF-5EC5-4BCA-A23A-FE422CB4A4EF}.Debug|Any CPU.ActiveCfg = Debug|Any CPU
		{3C5F3DDF-5EC5-4BCA-A23A-FE422CB4A4EF}.Debug|Any CPU.Build.0 = Debug|Any CPU
		{3C5F3DDF-5EC5-4BCA-A23A-FE422CB4A4EF}.Debug|x64.ActiveCfg = Debug|x64
		{3C5F3DDF-5EC5-4BCA-A23A-FE422CB4A4EF}.Debug|x64.Build.0 = Debug|x64
		{3C5F3DDF-5EC5-4BCA-A23A-FE422CB4A4EF}.Debug|x86.ActiveCfg = Debug|x86
		{3C5F3DDF-5EC5-4BCA-A23A-FE422CB4A4EF}.Debug|x86.Build.0 = Debug|x86
		{3C5F3DDF-5EC5-4BCA-A23A-FE422CB4A4EF}.Release|Any CPU.ActiveCfg = Release|Any CPU
		{3C5F3DDF-5EC5-4BCA-A23A-FE422CB4A4EF}.Release|Any CPU.Build.0 = Release|Any CPU
		{3C5F3DDF-5EC5-4BCA-A23A-FE422CB4A4EF}.Release|x64.ActiveCfg = Release|x64
		{3C5F3DDF-5EC5-4BCA-A23A-FE422CB4A4EF}.Release|x64.Build.0 = Release|x64
		{3C5F3DDF-5EC5-4BCA-A23A-FE422CB4A4EF}.Release|x86.ActiveCfg = Release|x86
		{3C5F3DDF-5EC5-4BCA-A23A-FE422CB4A4EF}.Release|x86.Build.0 = Release|x86
		{B6CCCD28-A7AD-45F9-A464-22EF68955CEE}.Debug|Any CPU.ActiveCfg = Debug|Any CPU
		{B6CCCD28-A7AD-45F9-A464-22EF68955CEE}.Debug|Any CPU.Build.0 = Debug|Any CPU
		{B6CCCD28-A7AD-45F9-A464-22EF68955CEE}.Debug|x64.ActiveCfg = Debug|Any CPU
		{B6CCCD28-A7AD-45F9-A464-22EF68955CEE}.Debug|x64.Build.0 = Debug|Any CPU
		{B6CCCD28-A7AD-45F9-A464-22EF68955CEE}.Debug|x86.ActiveCfg = Debug|Any CPU
		{B6CCCD28-A7AD-45F9-A464-22EF68955CEE}.Debug|x86.Build.0 = Debug|Any CPU
		{B6CCCD28-A7AD-45F9-A464-22EF68955CEE}.Release|Any CPU.ActiveCfg = Release|Any CPU
		{B6CCCD28-A7AD-45F9-A464-22EF68955CEE}.Release|Any CPU.Build.0 = Release|Any CPU
		{B6CCCD28-A7AD-45F9-A464-22EF68955CEE}.Release|x64.ActiveCfg = Release|Any CPU
		{B6CCCD28-A7AD-45F9-A464-22EF68955CEE}.Release|x64.Build.0 = Release|Any CPU
		{B6CCCD28-A7AD-45F9-A464-22EF68955CEE}.Release|x86.ActiveCfg = Release|Any CPU
		{B6CCCD28-A7AD-45F9-A464-22EF68955CEE}.Release|x86.Build.0 = Release|Any CPU
		{C60C4B60-49E6-4DBE-933C-8DE885815709}.Debug|Any CPU.ActiveCfg = Debug|Any CPU
		{C60C4B60-49E6-4DBE-933C-8DE885815709}.Debug|Any CPU.Build.0 = Debug|Any CPU
		{C60C4B60-49E6-4DBE-933C-8DE885815709}.Debug|x64.ActiveCfg = Debug|Any CPU
		{C60C4B60-49E6-4DBE-933C-8DE885815709}.Debug|x64.Build.0 = Debug|Any CPU
		{C60C4B60-49E6-4DBE-933C-8DE885815709}.Debug|x86.ActiveCfg = Debug|Any CPU
		{C60C4B60-49E6-4DBE-933C-8DE885815709}.Debug|x86.Build.0 = Debug|Any CPU
		{C60C4B60-49E6-4DBE-933C-8DE885815709}.Release|Any CPU.ActiveCfg = Release|Any CPU
		{C60C4B60-49E6-4DBE-933C-8DE885815709}.Release|Any CPU.Build.0 = Release|Any CPU
		{C60C4B60-49E6-4DBE-933C-8DE885815709}.Release|x64.ActiveCfg = Release|Any CPU
		{C60C4B60-49E6-4DBE-933C-8DE885815709}.Release|x64.Build.0 = Release|Any CPU
		{C60C4B60-49E6-4DBE-933C-8DE885815709}.Release|x86.ActiveCfg = Release|Any CPU
		{C60C4B60-49E6-4DBE-933C-8DE885815709}.Release|x86.Build.0 = Release|Any CPU
		{BFF928BD-FC13-4B51-8723-4F92D6BF59D6}.Debug|Any CPU.ActiveCfg = Debug|Any CPU
		{BFF928BD-FC13-4B51-8723-4F92D6BF59D6}.Debug|Any CPU.Build.0 = Debug|Any CPU
		{BFF928BD-FC13-4B51-8723-4F92D6BF59D6}.Debug|x64.ActiveCfg = Debug|Any CPU
		{BFF928BD-FC13-4B51-8723-4F92D6BF59D6}.Debug|x64.Build.0 = Debug|Any CPU
		{BFF928BD-FC13-4B51-8723-4F92D6BF59D6}.Debug|x86.ActiveCfg = Debug|Any CPU
		{BFF928BD-FC13-4B51-8723-4F92D6BF59D6}.Debug|x86.Build.0 = Debug|Any CPU
		{BFF928BD-FC13-4B51-8723-4F92D6BF59D6}.Release|Any CPU.ActiveCfg = Release|Any CPU
		{BFF928BD-FC13-4B51-8723-4F92D6BF59D6}.Release|Any CPU.Build.0 = Release|Any CPU
		{BFF928BD-FC13-4B51-8723-4F92D6BF59D6}.Release|x64.ActiveCfg = Release|Any CPU
		{BFF928BD-FC13-4B51-8723-4F92D6BF59D6}.Release|x64.Build.0 = Release|Any CPU
		{BFF928BD-FC13-4B51-8723-4F92D6BF59D6}.Release|x86.ActiveCfg = Release|Any CPU
		{BFF928BD-FC13-4B51-8723-4F92D6BF59D6}.Release|x86.Build.0 = Release|Any CPU
	EndGlobalSection
	GlobalSection(SolutionProperties) = preSolution
		HideSolutionNode = FALSE
	EndGlobalSection
	GlobalSection(ExtensibilityGlobals) = postSolution
		SolutionGuid = {EF567389-D452-4810-AE1F-FEAFAF94B118}
	EndGlobalSection
EndGlobal
